
Microsoft Visual Studio Solution File, Format Version 12.00
# Visual Studio Version 16
VisualStudioVersion = 16.0.31624.102
MinimumVisualStudioVersion = 10.0.40219.1
Project("{FAE04EC0-301F-11D3-BF4B-00C04F79EFBC}") = "Notebook", "Notebook\Notebook.csproj", "{B851862F-9A64-4E25-AA74-88431D382939}"
EndProject
Global
	GlobalSection(SolutionConfigurationPlatforms) = preSolution
		Debug|Any CPU = Debug|Any CPU
		Release|Any CPU = Release|Any CPU
	EndGlobalSection
	GlobalSection(ProjectConfigurationPlatforms) = postSolution
		{B851862F-9A64-4E25-AA74-88431D382939}.Debug|Any CPU.ActiveCfg = Debug|Any CPU
		{B851862F-9A64-4E25-AA74-88431D382939}.Debug|Any CPU.Build.0 = Debug|Any CPU
		{B851862F-9A64-4E25-AA74-88431D382939}.Release|Any CPU.ActiveCfg = Release|Any CPU
		{B851862F-9A64-4E25-AA74-88431D382939}.Release|Any CPU.Build.0 = Release|Any CPU
	EndGlobalSection
	GlobalSection(SolutionProperties) = preSolution
		HideSolutionNode = FALSE
	EndGlobalSection
	GlobalSection(ExtensibilityGlobals) = postSolution
		SolutionGuid = {B9897575-F97C-4D4A-BCE0-68CC163CECA4}
	EndGlobalSection
EndGlobal
